
Microsoft Visual Studio Solution File, Format Version 12.00
# Visual Studio Version 17
VisualStudioVersion = 17.11.35222.181
MinimumVisualStudioVersion = 10.0.40219.1
Project("{FAE04EC0-301F-11D3-BF4B-00C04F79EFBC}") = "WebApiWithRoles", "WebApiWithRoles\WebApiWithRoles.csproj", "{8A037319-B0DA-41E7-8C97-1893EA2D64AF}"
EndProject
Global
	GlobalSection(SolutionConfigurationPlatforms) = preSolution
		Debug|Any CPU = Debug|Any CPU
		Release|Any CPU = Release|Any CPU
	EndGlobalSection
	GlobalSection(ProjectConfigurationPlatforms) = postSolution
		{8A037319-B0DA-41E7-8C97-1893EA2D64AF}.Debug|Any CPU.ActiveCfg = Debug|Any CPU
		{8A037319-B0DA-41E7-8C97-1893EA2D64AF}.Debug|Any CPU.Build.0 = Debug|Any CPU
		{8A037319-B0DA-41E7-8C97-1893EA2D64AF}.Release|Any CPU.ActiveCfg = Release|Any CPU
		{8A037319-B0DA-41E7-8C97-1893EA2D64AF}.Release|Any CPU.Build.0 = Release|Any CPU
	EndGlobalSection
	GlobalSection(SolutionProperties) = preSolution
		HideSolutionNode = FALSE
	EndGlobalSection
	GlobalSection(ExtensibilityGlobals) = postSolution
		SolutionGuid = {DCF2F9EB-CD8F-44E9-87B8-42D35949FA4B}
	EndGlobalSection
EndGlobal
